
Microsoft Visual Studio Solution File, Format Version 12.00
# Visual Studio Version 17
VisualStudioVersion = 17.1.32407.343
MinimumVisualStudioVersion = 10.0.40219.1
Project("{FAE04EC0-301F-11D3-BF4B-00C04F79EFBC}") = "task 23", "task 23.csproj", "{716B6BFB-4D2C-46F5-9C10-DEA02ACB77AA}"
EndProject
Global
	GlobalSection(SolutionConfigurationPlatforms) = preSolution
		Debug|Any CPU = Debug|Any CPU
		Release|Any CPU = Release|Any CPU
	EndGlobalSection
	GlobalSection(ProjectConfigurationPlatforms) = postSolution
		{716B6BFB-4D2C-46F5-9C10-DEA02ACB77AA}.Debug|Any CPU.ActiveCfg = Debug|Any CPU
		{716B6BFB-4D2C-46F5-9C10-DEA02ACB77AA}.Debug|Any CPU.Build.0 = Debug|Any CPU
		{716B6BFB-4D2C-46F5-9C10-DEA02ACB77AA}.Release|Any CPU.ActiveCfg = Release|Any CPU
		{716B6BFB-4D2C-46F5-9C10-DEA02ACB77AA}.Release|Any CPU.Build.0 = Release|Any CPU
	EndGlobalSection
	GlobalSection(SolutionProperties) = preSolution
		HideSolutionNode = FALSE
	EndGlobalSection
	GlobalSection(ExtensibilityGlobals) = postSolution
		SolutionGuid = {1BFF3EAB-64A4-44E8-B423-C79798544569}
	EndGlobalSection
EndGlobal
